// !$*UTF8*$!
{
	archiveVersion = 1;
	classes = {
	};
	objectVersion = 46;
	objects = {

/* Begin PBXBuildFile section */
		64D96EAD1C48DC2300DD64DB /* main.m in Sources */ = {isa = PBXBuildFile; fileRef = 64D96EAC1C48DC2300DD64DB /* main.m */; };
		64D96EB01C48DC2300DD64DB /* AppDelegate.m in Sources */ = {isa = PBXBuildFile; fileRef = 64D96EAF1C48DC2300DD64DB /* AppDelegate.m */; };
		64D96EB31C48DC2300DD64DB /* ViewController.m in Sources */ = {isa = PBXBuildFile; fileRef = 64D96EB21C48DC2300DD64DB /* ViewController.m */; };
		64D96EB81C48DC2300DD64DB /* Assets.xcassets in Resources */ = {isa = PBXBuildFile; fileRef = 64D96EB71C48DC2300DD64DB /* Assets.xcassets */; };
		64D96EBB1C48DC2300DD64DB /* LaunchScreen.storyboard in Resources */ = {isa = PBXBuildFile; fileRef = 64D96EB91C48DC2300DD64DB /* LaunchScreen.storyboard */; };
		64D96EC61C48DC2300DD64DB /* DetectingBeaconTests.m in Sources */ = {isa = PBXBuildFile; fileRef = 64D96EC51C48DC2300DD64DB /* DetectingBeaconTests.m */; };
		64D96ED11C48FD7100DD64DB /* ViewController.xib in Resources */ = {isa = PBXBuildFile; fileRef = 64D96ED01C48FD7100DD64DB /* ViewController.xib */; };
/* End PBXBuildFile section */

/* Begin PBXContainerItemProxy section */
		64D96EC21C48DC2300DD64DB /* PBXContainerItemProxy */ = {
			isa = PBXContainerItemProxy;
			containerPortal = 64D96EA01C48DC2300DD64DB /* Project object */;
			proxyType = 1;
			remoteGlobalIDString = 64D96EA71C48DC2300DD64DB;
			remoteInfo = DetectingBeacon;
		};
/* End PBXContainerItemProxy section */

/* Begin PBXFileReference section */
		64D96EA81C48DC2300DD64DB /* DetectingBeacon.app */ = {isa = PBXFileReference; explicitFileType = wrapper.application; includeInIndex = 0; path = DetectingBeacon.app; sourceTree = BUILT_PRODUCTS_DIR; };
		64D96EAC1C48DC2300DD64DB /* main.m */ = {isa = PBXFileReference; lastKnownFileType = sourcecode.c.objc; path = main.m; sourceTree = "<group>"; };
		64D96EAE1C48DC2300DD64DB /* AppDelegate.h */ = {isa = PBXFileReference; lastKnownFileType = sourcecode.c.h; path = AppDelegate.h; sourceTree = "<group>"; };
		64D96EAF1C48DC2300DD64DB /* AppDelegate.m */ = {isa = PBXFileReference; lastKnownFileType = sourcecode.c.objc; path = AppDelegate.m; sourceTree = "<group>"; };
		64D96EB11C48DC2300DD64DB /* ViewController.h */ = {isa = PBXFileReference; lastKnownFileType = sourcecode.c.h; path = ViewController.h; sourceTree = "<group>"; };
		64D96EB21C48DC2300DD64DB /* ViewController.m */ = {isa = PBXFileReference; lastKnownFileType = sourcecode.c.objc; path = ViewController.m; sourceTree = "<group>"; };
		64D96EB71C48DC2300DD64DB /* Assets.xcassets */ = {isa = PBXFileReference; lastKnownFileType = folder.assetcatalog; path = Assets.xcassets; sourceTree = "<group>"; };
		64D96EBA1C48DC2300DD64DB /* Base */ = {isa = PBXFileReference; lastKnownFileType = file.storyboard; name = Base; path = Base.lproj/LaunchScreen.storyboard; sourceTree = "<group>"; };
		64D96EBC1C48DC2300DD64DB /* Info.plist */ = {isa = PBXFileReference; lastKnownFileType = text.plist.xml; path = Info.plist; sourceTree = "<group>"; };
		64D96EC11C48DC2300DD64DB /* DetectingBeaconTests.xctest */ = {isa = PBXFileReference; explicitFileType = wrapper.cfbundle; includeInIndex = 0; path = DetectingBeaconTests.xctest; sourceTree = BUILT_PRODUCTS_DIR; };
		64D96EC51C48DC2300DD64DB /* DetectingBeaconTests.m */ = {isa = PBXFileReference; lastKnownFileType = sourcecode.c.objc; path = DetectingBeaconTests.m; sourceTree = "<group>"; };
		64D96EC71C48DC2300DD64DB /* Info.plist */ = {isa = PBXFileReference; lastKnownFileType = text.plist.xml; path = Info.plist; sourceTree = "<group>"; };
		64D96ED01C48FD7100DD64DB /* ViewController.xib */ = {isa = PBXFileReference; fileEncoding = 4; lastKnownFileType = file.xib; path = ViewController.xib; sourceTree = "<group>"; };
/* End PBXFileReference section */

/* Begin PBXFrameworksBuildPhase section */
		64D96EA51C48DC2300DD64DB /* Frameworks */ = {
			isa = PBXFrameworksBuildPhase;
			buildActionMask = 2147483647;
			files = (
			);
			runOnlyForDeploymentPostprocessing = 0;
		};
		64D96EBE1C48DC2300DD64DB /* Frameworks */ = {
			isa = PBXFrameworksBuildPhase;
			buildActionMask = 2147483647;
			files = (
			);
			runOnlyForDeploymentPostprocessing = 0;
		};
/* End PBXFrameworksBuildPhase section */

/* Begin PBXGroup section */
		64D96E9F1C48DC2300DD64DB = {
			isa = PBXGroup;
			children = (
				64D96EAA1C48DC2300DD64DB /* DetectingBeacon */,
				64D96EC41C48DC2300DD64DB /* DetectingBeaconTests */,
				64D96EA91C48DC2300DD64DB /* Products */,
			);
			sourceTree = "<group>";
		};
		64D96EA91C48DC2300DD64DB /* Products */ = {
			isa = PBXGroup;
			children = (
				64D96EA81C48DC2300DD64DB /* DetectingBeacon.app */,
				64D96EC11C48DC2300DD64DB /* DetectingBeaconTests.xctest */,
			);
			name = Products;
			sourceTree = "<group>";
		};
		64D96EAA1C48DC2300DD64DB /* DetectingBeacon */ = {
			isa = PBXGroup;
			children = (
				64D96EAE1C48DC2300DD64DB /* AppDelegate.h */,
				64D96EAF1C48DC2300DD64DB /* AppDelegate.m */,
				64D96EB11C48DC2300DD64DB /* ViewController.h */,
				64D96EB21C48DC2300DD64DB /* ViewController.m */,
				64D96ED01C48FD7100DD64DB /* ViewController.xib */,
				64D96EB71C48DC2300DD64DB /* Assets.xcassets */,
				64D96EB91C48DC2300DD64DB /* LaunchScreen.storyboard */,
				64D96EBC1C48DC2300DD64DB /* Info.plist */,
				64D96EAB1C48DC2300DD64DB /* Supporting Files */,
			);
			path = DetectingBeacon;
			sourceTree = "<group>";
		};
		64D96EAB1C48DC2300DD64DB /* Supporting Files */ = {
			isa = PBXGroup;
			children = (
				64D96EAC1C48DC2300DD64DB /* main.m */,
			);
			name = "Supporting Files";
			sourceTree = "<group>";
		};
		64D96EC41C48DC2300DD64DB /* DetectingBeaconTests */ = {
			isa = PBXGroup;
			children = (
				64D96EC51C48DC2300DD64DB /* DetectingBeaconTests.m */,
				64D96EC71C48DC2300DD64DB /* Info.plist */,
			);
			path = DetectingBeaconTests;
			sourceTree = "<group>";
		};
/* End PBXGroup section */

/* Begin PBXNativeTarget section */
		64D96EA71C48DC2300DD64DB /* DetectingBeacon */ = {
			isa = PBXNativeTarget;
			buildConfigurationList = 64D96ECA1C48DC2300DD64DB /* Build configuration list for PBXNativeTarget "DetectingBeacon" */;
			buildPhases = (
				64D96EA41C48DC2300DD64DB /* Sources */,
				64D96EA51C48DC2300DD64DB /* Frameworks */,
				64D96EA61C48DC2300DD64DB /* Resources */,
			);
			buildRules = (
			);
			dependencies = (
			);
			name = DetectingBeacon;
			productName = DetectingBeacon;
			productReference = 64D96EA81C48DC2300DD64DB /* DetectingBeacon.app */;
			productType = "com.apple.product-type.application";
		};
		64D96EC01C48DC2300DD64DB /* DetectingBeaconTests */ = {
			isa = PBXNativeTarget;
			buildConfigurationList = 64D96ECD1C48DC2300DD64DB /* Build configuration list for PBXNativeTarget "DetectingBeaconTests" */;
			buildPhases = (
				64D96EBD1C48DC2300DD64DB /* Sources */,
				64D96EBE1C48DC2300DD64DB /* Frameworks */,
				64D96EBF1C48DC2300DD64DB /* Resources */,
			);
			buildRules = (
			);
			dependencies = (
				64D96EC31C48DC2300DD64DB /* PBXTargetDependency */,
			);
			name = DetectingBeaconTests;
			productName = DetectingBeaconTests;
			productReference = 64D96EC11C48DC2300DD64DB /* DetectingBeaconTests.xctest */;
			productType = "com.apple.product-type.bundle.unit-test";
		};
/* End PBXNativeTarget section */

/* Begin PBXProject section */
		64D96EA01C48DC2300DD64DB /* Project object */ = {
			isa = PBXProject;
			attributes = {
				LastUpgradeCheck = 0720;
				ORGANIZATIONNAME = "Carlos Jiménez Pacho";
				TargetAttributes = {
					64D96EA71C48DC2300DD64DB = {
						CreatedOnToolsVersion = 7.2;
						SystemCapabilities = {
							com.apple.BackgroundModes = {
								enabled = 1;
							};
						};
					};
					64D96EC01C48DC2300DD64DB = {
						CreatedOnToolsVersion = 7.2;
						TestTargetID = 64D96EA71C48DC2300DD64DB;
					};
				};
			};
			buildConfigurationList = 64D96EA31C48DC2300DD64DB /* Build configuration list for PBXProject "DetectingBeacon" */;
			compatibilityVersion = "Xcode 3.2";
			developmentRegion = English;
			hasScannedForEncodings = 0;
			knownRegions = (
				en,
				Base,
			);
			mainGroup = 64D96E9F1C48DC2300DD64DB;
			productRefGroup = 64D96EA91C48DC2300DD64DB /* Products */;
			projectDirPath = "";
			projectRoot = "";
			targets = (
				64D96EA71C48DC2300DD64DB /* DetectingBeacon */,
				64D96EC01C48DC2300DD64DB /* DetectingBeaconTests */,
			);
		};
/* End PBXProject section */

/* Begin PBXResourcesBuildPhase section */
		64D96EA61C48DC2300DD64DB /* Resources */ = {
			isa = PBXResourcesBuildPhase;
			buildActionMask = 2147483647;
			files = (
				64D96EBB1C48DC2300DD64DB /* LaunchScreen.storyboard in Resources */,
				64D96ED11C48FD7100DD64DB /* ViewController.xib in Resources */,
				64D96EB81C48DC2300DD64DB /* Assets.xcassets in Resources */,
			);
			runOnlyForDeploymentPostprocessing = 0;
		};
		64D96EBF1C48DC2300DD64DB /* Resources */ = {
			isa = PBXResourcesBuildPhase;
			buildActionMask = 2147483647;
			files = (
			);
			runOnlyForDeploymentPostprocessing = 0;
		};
/* End PBXResourcesBuildPhase section */

/* Begin PBXSourcesBuildPhase section */
		64D96EA41C48DC2300DD64DB /* Sources */ = {
			isa = PBXSourcesBuildPhase;
			buildActionMask = 2147483647;
			files = (
				64D96EB31C48DC2300DD64DB /* ViewController.m in Sources */,
				64D96EB01C48DC2300DD64DB /* AppDelegate.m in Sources */,
				64D96EAD1C48DC2300DD64DB /* main.m in Sources */,
			);
			runOnlyForDeploymentPostprocessing = 0;
		};
		64D96EBD1C48DC2300DD64DB /* Sources */ = {
			isa = PBXSourcesBuildPhase;
			buildActionMask = 2147483647;
			files = (
				64D96EC61C48DC2300DD64DB /* DetectingBeaconTests.m in Sources */,
			);
			runOnlyForDeploymentPostprocessing = 0;
		};
/* End PBXSourcesBuildPhase section */

/* Begin PBXTargetDependency section */
		64D96EC31C48DC2300DD64DB /* PBXTargetDependency */ = {
			isa = PBXTargetDependency;
			target = 64D96EA71C48DC2300DD64DB /* DetectingBeacon */;
			targetProxy = 64D96EC21C48DC2300DD64DB /* PBXContainerItemProxy */;
		};
/* End PBXTargetDependency section */

/* Begin PBXVariantGroup section */
		64D96EB91C48DC2300DD64DB /* LaunchScreen.storyboard */ = {
			isa = PBXVariantGroup;
			children = (
				64D96EBA1C48DC2300DD64DB /* Base */,
			);
			name = LaunchScreen.storyboard;
			sourceTree = "<group>";
		};
/* End PBXVariantGroup section */

/* Begin XCBuildConfiguration section */
		64D96EC81C48DC2300DD64DB /* Debug */ = {
			isa = XCBuildConfiguration;
			buildSettings = {
				ALWAYS_SEARCH_USER_PATHS = NO;
				CLANG_CXX_LANGUAGE_STANDARD = "gnu++0x";
				CLANG_CXX_LIBRARY = "libc++";
				CLANG_ENABLE_MODULES = YES;
				CLANG_ENABLE_OBJC_ARC = YES;
				CLANG_WARN_BOOL_CONVERSION = YES;
				CLANG_WARN_CONSTANT_CONVERSION = YES;
				CLANG_WARN_DIRECT_OBJC_ISA_USAGE = YES_ERROR;
				CLANG_WARN_EMPTY_BODY = YES;
				CLANG_WARN_ENUM_CONVERSION = YES;
				CLANG_WARN_INT_CONVERSION = YES;
				CLANG_WARN_OBJC_ROOT_CLASS = YES_ERROR;
				CLANG_WARN_UNREACHABLE_CODE = YES;
				CLANG_WARN__DUPLICATE_METHOD_MATCH = YES;
				CODE_SIGN_IDENTITY = "iPhone Developer: Carlos Alvarez Novoa (X5G7PK98A6)";
				"CODE_SIGN_IDENTITY[sdk=iphoneos*]" = "iPhone Developer";
				COPY_PHASE_STRIP = NO;
				DEBUG_INFORMATION_FORMAT = dwarf;
				ENABLE_STRICT_OBJC_MSGSEND = YES;
				ENABLE_TESTABILITY = YES;
				GCC_C_LANGUAGE_STANDARD = gnu99;
				GCC_DYNAMIC_NO_PIC = NO;
				GCC_NO_COMMON_BLOCKS = YES;
				GCC_OPTIMIZATION_LEVEL = 0;
				GCC_PREPROCESSOR_DEFINITIONS = (
					"DEBUG=1",
					"$(inherited)",
				);
				GCC_WARN_64_TO_32_BIT_CONVERSION = YES;
				GCC_WARN_ABOUT_RETURN_TYPE = YES_ERROR;
				GCC_WARN_UNDECLARED_SELECTOR = YES;
				GCC_WARN_UNINITIALIZED_AUTOS = YES_AGGRESSIVE;
				GCC_WARN_UNUSED_FUNCTION = YES;
				GCC_WARN_UNUSED_VARIABLE = YES;
				IPHONEOS_DEPLOYMENT_TARGET = 9.2;
				MTL_ENABLE_DEBUG_INFO = YES;
				ONLY_ACTIVE_ARCH = YES;
				PROVISIONING_PROFILE = "4011c268-450a-4704-8d9e-d8bb5a07cc09";
				SDKROOT = iphoneos;
			};
			name = Debug;
		};
		64D96EC91C48DC2300DD64DB /* Release */ = {
			isa = XCBuildConfiguration;
			buildSettings = {
				ALWAYS_SEARCH_USER_PATHS = NO;
				CLANG_CXX_LANGUAGE_STANDARD = "gnu++0x";
				CLANG_CXX_LIBRARY = "libc++";
				CLANG_ENABLE_MODULES = YES;
				CLANG_ENABLE_OBJC_ARC = YES;
				CLANG_WARN_BOOL_CONVERSION = YES;
				CLANG_WARN_CONSTANT_CONVERSION = YES;
				CLANG_WARN_DIRECT_OBJC_ISA_USAGE = YES_ERROR;
				CLANG_WARN_EMPTY_BODY = YES;
				CLANG_WARN_ENUM_CONVERSION = YES;
				CLANG_WARN_INT_CONVERSION = YES;
				CLANG_WARN_OBJC_ROOT_CLASS = YES_ERROR;
				CLANG_WARN_UNREACHABLE_CODE = YES;
				CLANG_WARN__DUPLICATE_METHOD_MATCH = YES;
				"CODE_SIGN_IDENTITY[sdk=iphoneos*]" = "iPhone Developer";
				COPY_PHASE_STRIP = NO;
				DEBUG_INFORMATION_FORMAT = "dwarf-with-dsym";
				ENABLE_NS_ASSERTIONS = NO;
				ENABLE_STRICT_OBJC_MSGSEND = YES;
				GCC_C_LANGUAGE_STANDARD = gnu99;
				GCC_NO_COMMON_BLOCKS = YES;
				GCC_WARN_64_TO_32_BIT_CONVERSION = YES;
				GCC_WARN_ABOUT_RETURN_TYPE = YES_ERROR;
				GCC_WARN_UNDECLARED_SELECTOR = YES;
				GCC_WARN_UNINITIALIZED_AUTOS = YES_AGGRESSIVE;
				GCC_WARN_UNUSED_FUNCTION = YES;
				GCC_WARN_UNUSED_VARIABLE = YES;
				IPHONEOS_DEPLOYMENT_TARGET = 9.2;
				MTL_ENABLE_DEBUG_INFO = NO;
				SDKROOT = iphoneos;
				VALIDATE_PRODUCT = YES;
			};
			name = Release;
		};
		64D96ECB1C48DC2300DD64DB /* Debug */ = {
			isa = XCBuildConfiguration;
			buildSettings = {
				ASSETCATALOG_COMPILER_APPICON_NAME = AppIcon;
				INFOPLIST_FILE = DetectingBeacon/Info.plist;
				LD_RUNPATH_SEARCH_PATHS = "$(inherited) @executable_path/Frameworks";
				PRODUCT_BUNDLE_IDENTIFIER = com.cjimenezpacho.DetectingBeacon;
				PRODUCT_NAME = "$(TARGET_NAME)";
			};
			name = Debug;
		};
		64D96ECC1C48DC2300DD64DB /* Release */ = {
			isa = XCBuildConfiguration;
			buildSettings = {
				ASSETCATALOG_COMPILER_APPICON_NAME = AppIcon;
				INFOPLIST_FILE = DetectingBeacon/Info.plist;
				LD_RUNPATH_SEARCH_PATHS = "$(inherited) @executable_path/Frameworks";
				PRODUCT_BUNDLE_IDENTIFIER = com.cjimenezpacho.DetectingBeacon;
				PRODUCT_NAME = "$(TARGET_NAME)";
			};
			name = Release;
		};
		64D96ECE1C48DC2300DD64DB /* Debug */ = {
			isa = XCBuildConfiguration;
			buildSettings = {
				BUNDLE_LOADER = "$(TEST_HOST)";
				INFOPLIST_FILE = DetectingBeaconTests/Info.plist;
				LD_RUNPATH_SEARCH_PATHS = "$(inherited) @executable_path/Frameworks @loader_path/Frameworks";
				PRODUCT_BUNDLE_IDENTIFIER = com.cjimenezpacho.DetectingBeaconTests;
				PRODUCT_NAME = "$(TARGET_NAME)";
				TEST_HOST = "$(BUILT_PRODUCTS_DIR)/DetectingBeacon.app/DetectingBeacon";
			};
			name = Debug;
		};
		64D96ECF1C48DC2300DD64DB /* Release */ = {
			isa = XCBuildConfiguration;
			buildSettings = {
				BUNDLE_LOADER = "$(TEST_HOST)";
				INFOPLIST_FILE = DetectingBeaconTests/Info.plist;
				LD_RUNPATH_SEARCH_PATHS = "$(inherited) @executable_path/Frameworks @loader_path/Frameworks";
				PRODUCT_BUNDLE_IDENTIFIER = com.cjimenezpacho.DetectingBeaconTests;
				PRODUCT_NAME = "$(TARGET_NAME)";
				TEST_HOST = "$(BUILT_PRODUCTS_DIR)/DetectingBeacon.app/DetectingBeacon";
			};
			name = Release;
		};
/* End XCBuildConfiguration section */

/* Begin XCConfigurationList section */
		64D96EA31C48DC2300DD64DB /* Build configuration list for PBXProject "DetectingBeacon" */ = {
			isa = XCConfigurationList;
			buildConfigurations = (
				64D96EC81C48DC2300DD64DB /* Debug */,
				64D96EC91C48DC2300DD64DB /* Release */,
			);
			defaultConfigurationIsVisible = 0;
			defaultConfigurationName = Release;
		};
		64D96ECA1C48DC2300DD64DB /* Build configuration list for PBXNativeTarget "DetectingBeacon" */ = {
			isa = XCConfigurationList;
			buildConfigurations = (
				64D96ECB1C48DC2300DD64DB /* Debug */,
				64D96ECC1C48DC2300DD64DB /* Release */,
			);
			defaultConfigurationIsVisible = 0;
			defaultConfigurationName = Release;
		};
		64D96ECD1C48DC2300DD64DB /* Build configuration list for PBXNativeTarget "DetectingBeaconTests" */ = {
			isa = XCConfigurationList;
			buildConfigurations = (
				64D96ECE1C48DC2300DD64DB /* Debug */,
				64D96ECF1C48DC2300DD64DB /* Release */,
			);
			defaultConfigurationIsVisible = 0;
			defaultConfigurationName = Release;
		};
/* End XCConfigurationList section */
	};
	rootObject = 64D96EA01C48DC2300DD64DB /* Project object */;
}
